Microsoft Visual Studio Solution File, Format Version 12.00
# Visual Studio Version 17
VisualStudioVersion = 17.5.2.0
MinimumVisualStudioVersion = 10.0.40219.1
Project("{FAE04EC0-301F-11D3-BF4B-00C04F79EFBC}") = "ProductStore", "ProductStore.csproj", "{A7890994-D691-151E-74BE-D0E90811F236}"
EndProject
Global
	GlobalSection(SolutionConfigurationPlatforms) = preSolution
		Debug|Any CPU = Debug|Any CPU
		Release|Any CPU = Release|Any CPU
	EndGlobalSection
	GlobalSection(ProjectConfigurationPlatforms) = postSolution
		{A7890994-D691-151E-74BE-D0E90811F236}.Debug|Any CPU.ActiveCfg = Debug|Any CPU
		{A7890994-D691-151E-74BE-D0E90811F236}.Debug|Any CPU.Build.0 = Debug|Any CPU
		{A7890994-D691-151E-74BE-D0E90811F236}.Release|Any CPU.ActiveCfg = Release|Any CPU
		{A7890994-D691-151E-74BE-D0E90811F236}.Release|Any CPU.Build.0 = Release|Any CPU
	EndGlobalSection
	GlobalSection(SolutionProperties) = preSolution
		HideSolutionNode = FALSE
	EndGlobalSection
	GlobalSection(ExtensibilityGlobals) = postSolution
		SolutionGuid = {3DF32FF6-7ABC-431E-8FD9-1E2B47694BFD}
	EndGlobalSection
EndGlobal
